<?xml version="1.0" encoding="utf-8"?>
<Project ToolsVersion="4.0" xmlns="http://schemas.microsoft.com/developer/msbuild/2003">
  <ItemGroup>
    <Filter Include="Source Files">
      <UniqueIdentifier>{4FC737F1-C7A5-4376-A066-2A32D752A2FF}</UniqueIdentifier>
      <Extensions>cpp;c;cc;cxx;def;odl;idl;hpj;bat;asm;asmx</Extensions>
    </Filter>
    <Filter Include="Header Files">
      <UniqueIdentifier>{93995380-89BD-4b04-88EB-625FBE52EBFB}</UniqueIdentifier>
      <Extensions>h;hh;hpp;hxx;hm;inl;inc;xsd</Extensions>
    </Filter>
    <Filter Include="Resource Files">
      <UniqueIdentifier>{67DA6AB6-F800-4c08-8B7A-83BB121AAD01}</UniqueIdentifier>
      <Extensions>rc;ico;cur;bmp;dlg;rc2;rct;bin;rgs;gif;jpg;jpeg;jpe;resx;tiff;tif;png;wav;mfcribbon-ms</Extensions>
    </Filter>
    <Filter Include="Header Files\SimpleLocalization">
      <UniqueIdentifier>{6e0b0db8-67a9-4c8a-9e19-513e1a206c5d}</UniqueIdentifier>
    </Filter>
    <Filter Include="Source Files\SimpleLocalization">
      <UniqueIdentifier>{30d8eeff-5e99-46b1-9212-aeb5d9260cb3}</UniqueIdentifier>
    </Filter>
  </ItemGroup>
  <ItemGroup>
    <ClInclude Include="md5.h">
      <Filter>Header Files</Filter>
    </ClInclude>
    <ClInclude Include="MurmurHash3.h">
      <Filter>Header Files</Filter>
    </ClInclude>
    <ClInclude Include="MyString.h">
      <Filter>Header Files</Filter>
    </ClInclude>
    <ClInclude Include="MyStringAnsi.h">
      <Filter>Header Files</Filter>
    </ClInclude>
    <ClInclude Include="MyStringMacros.h">
      <Filter>Header Files</Filter>
    </ClInclude>
    <ClInclude Include="MyStringUtils.h">
      <Filter>Header Files</Filter>
    </ClInclude>
    <ClInclude Include="StringTests.h">
      <Filter>Header Files</Filter>
    </ClInclude>
    <ClInclude Include="StringBenchmarks.h">
      <Filter>Header Files</Filter>
    </ClInclude>
    <ClInclude Include="IStringAnsi.h">
      <Filter>Header Files</Filter>
    </ClInclude>
    <ClInclude Include="MySmallStringAnsi.h">
      <Filter>Header Files</Filter>
    </ClInclude>
    <ClInclude Include="MyStringID.h">
      <Filter>Header Files</Filter>
    </ClInclude>
    <ClInclude Include="MyStringView.h">
      <Filter>Header Files</Filter>
    </ClInclude>
    <ClInclude Include="SimpleLocalization\IcuUnicodeStringWrapper.h">
      <Filter>Header Files\SimpleLocalization</Filter>
    </ClInclude>
    <ClInclude Include="SimpleLocalization\Localization.h">
      <Filter>Header Files\SimpleLocalization</Filter>
    </ClInclude>
    <ClInclude Include="SimpleLocalization\tinyutf8.h">
      <Filter>Header Files\SimpleLocalization</Filter>
    </ClInclude>
    <ClInclude Include="SimpleLocalization\TinyUtf8Wrapper.h">
      <Filter>Header Files\SimpleLocalization</Filter>
    </ClInclude>
    <ClInclude Include="SimpleLocalization\cJSON_JS.h">
      <Filter>Header Files\SimpleLocalization</Filter>
    </ClInclude>
    <ClInclude Include="SimpleLocalization\win_dirent.h">
      <Filter>Header Files\SimpleLocalization</Filter>
    </ClInclude>
    <ClInclude Include="SimpleLocalization\generated_localization.h">
      <Filter>Header Files\SimpleLocalization</Filter>
    </ClInclude>
  </ItemGroup>
  <ItemGroup>
    <None Include="ComparisonOperators.inl">
      <Filter>Header Files</Filter>
    </None>
    <None Include="MurmurHash3_constexpr.inl">
      <Filter>Header Files</Filter>
    </None>
    <None Include="makefile">
      <Filter>Resource Files</Filter>
    </None>
  </ItemGroup>
  <ItemGroup>
    <ClCompile Include="MurmurHash3.cpp">
      <Filter>Source Files</Filter>
    </ClCompile>
    <ClCompile Include="MyStringUtils.cpp">
      <Filter>Source Files</Filter>
    </ClCompile>
    <ClCompile Include="main.cpp">
      <Filter>Source Files</Filter>
    </ClCompile>
    <ClCompile Include="StringTests.cpp">
      <Filter>Source Files</Filter>
    </ClCompile>
    <ClCompile Include="StringBenchmarks.cpp">
      <Filter>Source Files</Filter>
    </ClCompile>
    <ClCompile Include="IStringAnsi.cpp">
      <Filter>Source Files</Filter>
    </ClCompile>
    <ClCompile Include="MyStringView.cpp">
      <Filter>Source Files</Filter>
    </ClCompile>
    <ClCompile Include="SimpleLocalization\Localization.cpp">
      <Filter>Source Files\SimpleLocalization</Filter>
    </ClCompile>
    <ClCompile Include="SimpleLocalization\tinyutf8.cpp">
      <Filter>Source Files\SimpleLocalization</Filter>
    </ClCompile>
    <ClCompile Include="SimpleLocalization\cJSON_JS.c">
      <Filter>Source Files\SimpleLocalization</Filter>
    </ClCompile>
  </ItemGroup>
</Project>