<?xml version="1.0" encoding="utf-8"?>
<Project ToolsVersion="4.0" xmlns="http://schemas.microsoft.com/developer/msbuild/2003">
  <ItemGroup>
    <Filter Include="Source Files">
      <UniqueIdentifier>{4FC737F1-C7A5-4376-A066-2A32D752A2FF}</UniqueIdentifier>
      <Extensions>cpp;c;cc;cxx;def;odl;idl;hpj;bat;asm;asmx</Extensions>
    </Filter>
    <Filter Include="Header Files">
      <UniqueIdentifier>{93995380-89BD-4b04-88EB-625FBE52EBFB}</UniqueIdentifier>
      <Extensions>h;hh;hpp;hxx;hm;inl;inc;xsd</Extensions>
    </Filter>
    <Filter Include="Resource Files">
      <UniqueIdentifier>{67DA6AB6-F800-4c08-8B7A-83BB121AAD01}</UniqueIdentifier>
      <Extensions>rc;ico;cur;bmp;dlg;rc2;rct;bin;rgs;gif;jpg;jpeg;jpe;resx;tiff;tif;png;wav;mfcribbon-ms</Extensions>
    </Filter>
    <Filter Include="Header Files\SimpleLocalization">
      <UniqueIdentifier>{6e0b0db8-67a9-4c8a-9e19-513e1a206c5d}</UniqueIdentifier>
    </Filter>
    <Filter Include="Source Files\SimpleLocalization">
      <UniqueIdentifier>{30d8eeff-5e99-46b1-9212-aeb5d9260cb3}</UniqueIdentifier>
    </Filter>
    <Filter Include="Source Files\Unicode">
      <UniqueIdentifier>{5aafb107-81d0-423d-b8c6-078dad57747a}</UniqueIdentifier>
    </Filter>
    <Filter Include="Header Files\Unicode">
      <UniqueIdentifier>{ddf4c80d-e871-424b-a261-b27d5a85548b}</UniqueIdentifier>
    </Filter>
    <Filter Include="Header Files\hashing">
      <UniqueIdentifier>{7c0f1e6d-a3a7-46bc-9051-f4ee62bf2ea3}</UniqueIdentifier>
    </Filter>
    <Filter Include="Source Files\hashing">
      <UniqueIdentifier>{7130d51a-52bc-4e0a-a1f0-d27eaf3df4ea}</UniqueIdentifier>
    </Filter>
    <Filter Include="Header Files\Testing">
      <UniqueIdentifier>{30de9339-0702-44db-8fee-4a1ca324ebdf}</UniqueIdentifier>
    </Filter>
    <Filter Include="Source Files\Testing">
      <UniqueIdentifier>{54d23255-0d1d-4200-a4d5-a86d77f5c4b3}</UniqueIdentifier>
    </Filter>
    <Filter Include="Header Files\Unicode\3rdParty">
      <UniqueIdentifier>{78071727-63c0-4afd-b257-4e32069dc8cc}</UniqueIdentifier>
    </Filter>
    <Filter Include="Header Files\Unicode\3rdParty\utf8">
      <UniqueIdentifier>{1b935f58-de35-4054-9d28-2a97145514c8}</UniqueIdentifier>
    </Filter>
  </ItemGroup>
  <ItemGroup>
    <ClInclude Include="MyString.h">
      <Filter>Header Files</Filter>
    </ClInclude>
    <ClInclude Include="MyStringMacros.h">
      <Filter>Header Files</Filter>
    </ClInclude>
    <ClInclude Include="MyStringUtils.h">
      <Filter>Header Files</Filter>
    </ClInclude>
    <ClInclude Include="MyStringView.h">
      <Filter>Header Files</Filter>
    </ClInclude>
    <ClInclude Include="SimpleLocalization\Localization.h">
      <Filter>Header Files\SimpleLocalization</Filter>
    </ClInclude>
    <ClInclude Include="SimpleLocalization\cJSON_JS.h">
      <Filter>Header Files\SimpleLocalization</Filter>
    </ClInclude>
    <ClInclude Include="SimpleLocalization\generated_localization.h">
      <Filter>Header Files\SimpleLocalization</Filter>
    </ClInclude>
    <ClInclude Include="StdStringCompatibility.h">
      <Filter>Header Files</Filter>
    </ClInclude>
    <ClInclude Include="MyStringKeys.h">
      <Filter>Header Files</Filter>
    </ClInclude>
    <ClInclude Include="Unicode\IcuUnicodeStringWrapper.h">
      <Filter>Header Files\Unicode</Filter>
    </ClInclude>
    <ClInclude Include="Unicode\TinyUtf8Wrapper.h">
      <Filter>Header Files\Unicode</Filter>
    </ClInclude>
    <ClInclude Include="Unicode\UnicodeUtils.h">
      <Filter>Header Files\Unicode</Filter>
    </ClInclude>
    <ClInclude Include="hashing\md5.h">
      <Filter>Header Files\hashing</Filter>
    </ClInclude>
    <ClInclude Include="hashing\MurmurHash3.h">
      <Filter>Header Files\hashing</Filter>
    </ClInclude>
    <ClInclude Include="IString.h">
      <Filter>Header Files</Filter>
    </ClInclude>
    <ClInclude Include="MySmallString.h">
      <Filter>Header Files</Filter>
    </ClInclude>
    <ClInclude Include="MyStringLib.h">
      <Filter>Header Files</Filter>
    </ClInclude>
    <ClInclude Include="MyStringId.h">
      <Filter>Header Files</Filter>
    </ClInclude>
    <ClInclude Include="MyStringLiteral.h">
      <Filter>Header Files</Filter>
    </ClInclude>
    <ClInclude Include="Testing\StringBenchmarks.h">
      <Filter>Header Files\Testing</Filter>
    </ClInclude>
    <ClInclude Include="Testing\StringTests.h">
      <Filter>Header Files\Testing</Filter>
    </ClInclude>
    <ClInclude Include="Unicode\3rdParty\utf8\core.h">
      <Filter>Header Files\Unicode\3rdParty\utf8</Filter>
    </ClInclude>
    <ClInclude Include="Unicode\3rdParty\utf8\cpp11.h">
      <Filter>Header Files\Unicode\3rdParty\utf8</Filter>
    </ClInclude>
    <ClInclude Include="Unicode\3rdParty\utf8\cpp17.h">
      <Filter>Header Files\Unicode\3rdParty\utf8</Filter>
    </ClInclude>
    <ClInclude Include="Unicode\3rdParty\utf8\cpp20.h">
      <Filter>Header Files\Unicode\3rdParty\utf8</Filter>
    </ClInclude>
    <ClInclude Include="Unicode\3rdParty\utf8\checked.h">
      <Filter>Header Files\Unicode\3rdParty\utf8</Filter>
    </ClInclude>
    <ClInclude Include="Unicode\3rdParty\utf8\unchecked.h">
      <Filter>Header Files\Unicode\3rdParty\utf8</Filter>
    </ClInclude>
    <ClInclude Include="Unicode\3rdParty\utf8\utf8.h">
      <Filter>Header Files\Unicode\3rdParty\utf8</Filter>
    </ClInclude>
    <ClInclude Include="Unicode\3rdParty\tinyutf8.h">
      <Filter>Header Files\Unicode\3rdParty</Filter>
    </ClInclude>
    <ClInclude Include="Unicode\StringIterators.h">
      <Filter>Header Files\Unicode</Filter>
    </ClInclude>
    <ClInclude Include="Unicode\Utf8Utils.h">
      <Filter>Header Files\Unicode</Filter>
    </ClInclude>
  </ItemGroup>
  <ItemGroup>
    <None Include="ComparisonOperators.inl">
      <Filter>Header Files</Filter>
    </None>
    <None Include="makefile">
      <Filter>Resource Files</Filter>
    </None>
    <None Include="hashing\MurmurHash3_constexpr.inl">
      <Filter>Header Files\hashing</Filter>
    </None>
  </ItemGroup>
  <ItemGroup>
    <ClCompile Include="MyStringUtils.cpp">
      <Filter>Source Files</Filter>
    </ClCompile>
    <ClCompile Include="main.cpp">
      <Filter>Source Files</Filter>
    </ClCompile>
    <ClCompile Include="MyStringView.cpp">
      <Filter>Source Files</Filter>
    </ClCompile>
    <ClCompile Include="SimpleLocalization\Localization.cpp">
      <Filter>Source Files\SimpleLocalization</Filter>
    </ClCompile>
    <ClCompile Include="SimpleLocalization\cJSON_JS.c">
      <Filter>Source Files\SimpleLocalization</Filter>
    </ClCompile>
    <ClCompile Include="hashing\MurmurHash3.cpp">
      <Filter>Source Files\hashing</Filter>
    </ClCompile>
    <ClCompile Include="IString.cpp">
      <Filter>Source Files</Filter>
    </ClCompile>
    <ClCompile Include="Testing\StringBenchmarks.cpp">
      <Filter>Source Files\Testing</Filter>
    </ClCompile>
    <ClCompile Include="Testing\StringTests.cpp">
      <Filter>Source Files\Testing</Filter>
    </ClCompile>
  </ItemGroup>
</Project>